// !$*UTF8*$!
{
	archiveVersion = 1;
	classes = {
	};
	objectVersion = 56;
	objects = {

/* Begin PBXBuildFile section */
		F9A4817D2AA4DDFB00246E57 /* AppDelegate.swift in Sources */ = {isa = PBXBuildFile; fileRef = F9A4817C2AA4DDFB00246E57 /* AppDelegate.swift */; };
		F9A4817F2AA4DDFB00246E57 /* SceneDelegate.swift in Sources */ = {isa = PBXBuildFile; fileRef = F9A4817E2AA4DDFB00246E57 /* SceneDelegate.swift */; };
		F9A481812AA4DDFB00246E57 /* CalculateViewController.swift in Sources */ = {isa = PBXBuildFile; fileRef = F9A481802AA4DDFB00246E57 /* CalculateViewController.swift */; };
		F9A481842AA4DDFB00246E57 /* Main.storyboard in Resources */ = {isa = PBXBuildFile; fileRef = F9A481822AA4DDFB00246E57 /* Main.storyboard */; };
		F9A481862AA4DDFC00246E57 /* Assets.xcassets in Resources */ = {isa = PBXBuildFile; fileRef = F9A481852AA4DDFC00246E57 /* Assets.xcassets */; };
		F9A481892AA4DDFC00246E57 /* LaunchScreen.storyboard in Resources */ = {isa = PBXBuildFile; fileRef = F9A481872AA4DDFC00246E57 /* LaunchScreen.storyboard */; };
		F9A481B52AA6B50F00246E57 /* ResultViewController.swift in Sources */ = {isa = PBXBuildFile; fileRef = F9A481B42AA6B50F00246E57 /* ResultViewController.swift */; };
		F9A481B72AA7209A00246E57 /* CalculateLogic.swift in Sources */ = {isa = PBXBuildFile; fileRef = F9A481B62AA7209A00246E57 /* CalculateLogic.swift */; };
		F9A481BB2AA777BE00246E57 /* BMI.swift in Sources */ = {isa = PBXBuildFile; fileRef = F9A481BA2AA777BE00246E57 /* BMI.swift */; };
/* End PBXBuildFile section */

/* Begin PBXFileReference section */
		F9A481792AA4DDFB00246E57 /* BMICalculatorPractice.app */ = {isa = PBXFileReference; explicitFileType = wrapper.application; includeInIndex = 0; path = BMICalculatorPractice.app; sourceTree = BUILT_PRODUCTS_DIR; };
		F9A4817C2AA4DDFB00246E57 /* AppDelegate.swift */ = {isa = PBXFileReference; lastKnownFileType = sourcecode.swift; path = AppDelegate.swift; sourceTree = "<group>"; };
		F9A4817E2AA4DDFB00246E57 /* SceneDelegate.swift */ = {isa = PBXFileReference; lastKnownFileType = sourcecode.swift; path = SceneDelegate.swift; sourceTree = "<group>"; };
		F9A481802AA4DDFB00246E57 /* CalculateViewController.swift */ = {isa = PBXFileReference; lastKnownFileType = sourcecode.swift; path = CalculateViewController.swift; sourceTree = "<group>"; tabWidth = 4; };
		F9A481832AA4DDFB00246E57 /* Base */ = {isa = PBXFileReference; lastKnownFileType = file.storyboard; name = Base; path = Base.lproj/Main.storyboard; sourceTree = "<group>"; };
		F9A481852AA4DDFC00246E57 /* Assets.xcassets */ = {isa = PBXFileReference; lastKnownFileType = folder.assetcatalog; path = Assets.xcassets; sourceTree = "<group>"; };
		F9A481882AA4DDFC00246E57 /* Base */ = {isa = PBXFileReference; lastKnownFileType = file.storyboard; name = Base; path = Base.lproj/LaunchScreen.storyboard; sourceTree = "<group>"; };
		F9A4818A2AA4DDFC00246E57 /* Info.plist */ = {isa = PBXFileReference; lastKnownFileType = text.plist.xml; path = Info.plist; sourceTree = "<group>"; };
		F9A481B42AA6B50F00246E57 /* ResultViewController.swift */ = {isa = PBXFileReference; lastKnownFileType = sourcecode.swift; path = ResultViewController.swift; sourceTree = "<group>"; };
		F9A481B62AA7209A00246E57 /* CalculateLogic.swift */ = {isa = PBXFileReference; lastKnownFileType = sourcecode.swift; path = CalculateLogic.swift; sourceTree = "<group>"; };
		F9A481BA2AA777BE00246E57 /* BMI.swift */ = {isa = PBXFileReference; lastKnownFileType = sourcecode.swift; path = BMI.swift; sourceTree = "<group>"; };
/* End PBXFileReference section */

/* Begin PBXFrameworksBuildPhase section */
		F9A481762AA4DDFB00246E57 /* Frameworks */ = {
			isa = PBXFrameworksBuildPhase;
			buildActionMask = 2147483647;
			files = (
			);
			runOnlyForDeploymentPostprocessing = 0;
		};
/* End PBXFrameworksBuildPhase section */

/* Begin PBXGroup section */
		F9A481702AA4DDFB00246E57 = {
			isa = PBXGroup;
			children = (
				F9A4817B2AA4DDFB00246E57 /* BMICalculatorPractice */,
				F9A4817A2AA4DDFB00246E57 /* Products */,
			);
			sourceTree = "<group>";
		};
		F9A4817A2AA4DDFB00246E57 /* Products */ = {
			isa = PBXGroup;
			children = (
				F9A481792AA4DDFB00246E57 /* BMICalculatorPractice.app */,
			);
			name = Products;
			sourceTree = "<group>";
		};
		F9A4817B2AA4DDFB00246E57 /* BMICalculatorPractice */ = {
			isa = PBXGroup;
			children = (
				F9A481902AA4DFFE00246E57 /* Model */,
				F9A481912AA4E00B00246E57 /* View */,
				F9A481922AA4E01600246E57 /* Controller */,
				F9A4817C2AA4DDFB00246E57 /* AppDelegate.swift */,
				F9A4817E2AA4DDFB00246E57 /* SceneDelegate.swift */,
				F9A481852AA4DDFC00246E57 /* Assets.xcassets */,
				F9A481872AA4DDFC00246E57 /* LaunchScreen.storyboard */,
				F9A4818A2AA4DDFC00246E57 /* Info.plist */,
			);
			path = BMICalculatorPractice;
			sourceTree = "<group>";
		};
		F9A481902AA4DFFE00246E57 /* Model */ = {
			isa = PBXGroup;
			children = (
				F9A481B62AA7209A00246E57 /* CalculateLogic.swift */,
				F9A481BA2AA777BE00246E57 /* BMI.swift */,
			);
			path = Model;
			sourceTree = "<group>";
		};
		F9A481912AA4E00B00246E57 /* View */ = {
			isa = PBXGroup;
			children = (
				F9A481822AA4DDFB00246E57 /* Main.storyboard */,
			);
			path = View;
			sourceTree = "<group>";
		};
		F9A481922AA4E01600246E57 /* Controller */ = {
			isa = PBXGroup;
			children = (
				F9A481802AA4DDFB00246E57 /* CalculateViewController.swift */,
				F9A481B42AA6B50F00246E57 /* ResultViewController.swift */,
			);
			path = Controller;
			sourceTree = "<group>";
		};
/* End PBXGroup section */

/* Begin PBXNativeTarget section */
		F9A481782AA4DDFB00246E57 /* BMICalculatorPractice */ = {
			isa = PBXNativeTarget;
			buildConfigurationList = F9A4818D2AA4DDFC00246E57 /* Build configuration list for PBXNativeTarget "BMICalculatorPractice" */;
			buildPhases = (
				F9A481752AA4DDFB00246E57 /* Sources */,
				F9A481762AA4DDFB00246E57 /* Frameworks */,
				F9A481772AA4DDFB00246E57 /* Resources */,
			);
			buildRules = (
			);
			dependencies = (
			);
			name = BMICalculatorPractice;
			productName = BMICalculatorPractice;
			productReference = F9A481792AA4DDFB00246E57 /* BMICalculatorPractice.app */;
			productType = "com.apple.product-type.application";
		};
/* End PBXNativeTarget section */

/* Begin PBXProject section */
		F9A481712AA4DDFB00246E57 /* Project object */ = {
			isa = PBXProject;
			attributes = {
				BuildIndependentTargetsInParallel = 1;
				LastSwiftUpdateCheck = 1430;
				LastUpgradeCheck = 1430;
				TargetAttributes = {
					F9A481782AA4DDFB00246E57 = {
						CreatedOnToolsVersion = 14.3.1;
					};
				};
			};
			buildConfigurationList = F9A481742AA4DDFB00246E57 /* Build configuration list for PBXProject "BMICalculatorPractice" */;
			compatibilityVersion = "Xcode 14.0";
			developmentRegion = en;
			hasScannedForEncodings = 0;
			knownRegions = (
				en,
				Base,
			);
			mainGroup = F9A481702AA4DDFB00246E57;
			productRefGroup = F9A4817A2AA4DDFB00246E57 /* Products */;
			projectDirPath = "";
			projectRoot = "";
			targets = (
				F9A481782AA4DDFB00246E57 /* BMICalculatorPractice */,
			);
		};
/* End PBXProject section */

/* Begin PBXResourcesBuildPhase section */
		F9A481772AA4DDFB00246E57 /* Resources */ = {
			isa = PBXResourcesBuildPhase;
			buildActionMask = 2147483647;
			files = (
				F9A481892AA4DDFC00246E57 /* LaunchScreen.storyboard in Resources */,
				F9A481862AA4DDFC00246E57 /* Assets.xcassets in Resources */,
				F9A481842AA4DDFB00246E57 /* Main.storyboard in Resources */,
			);
			runOnlyForDeploymentPostprocessing = 0;
		};
/* End PBXResourcesBuildPhase section */

/* Begin PBXSourcesBuildPhase section */
		F9A481752AA4DDFB00246E57 /* Sources */ = {
			isa = PBXSourcesBuildPhase;
			buildActionMask = 2147483647;
			files = (
				F9A481812AA4DDFB00246E57 /* CalculateViewController.swift in Sources */,
				F9A481BB2AA777BE00246E57 /* BMI.swift in Sources */,
				F9A481B72AA7209A00246E57 /* CalculateLogic.swift in Sources */,
				F9A4817D2AA4DDFB00246E57 /* AppDelegate.swift in Sources */,
				F9A4817F2AA4DDFB00246E57 /* SceneDelegate.swift in Sources */,
				F9A481B52AA6B50F00246E57 /* ResultViewController.swift in Sources */,
			);
			runOnlyForDeploymentPostprocessing = 0;
		};
/* End PBXSourcesBuildPhase section */

/* Begin PBXVariantGroup section */
		F9A481822AA4DDFB00246E57 /* Main.storyboard */ = {
			isa = PBXVariantGroup;
			children = (
				F9A481832AA4DDFB00246E57 /* Base */,
			);
			name = Main.storyboard;
			sourceTree = "<group>";
		};
		F9A481872AA4DDFC00246E57 /* LaunchScreen.storyboard */ = {
			isa = PBXVariantGroup;
			children = (
				F9A481882AA4DDFC00246E57 /* Base */,
			);
			name = LaunchScreen.storyboard;
			sourceTree = "<group>";
		};
/* End PBXVariantGroup section */

/* Begin XCBuildConfiguration section */
		F9A4818B2AA4DDFC00246E57 /* Debug */ = {
			isa = XCBuildConfiguration;
			buildSettings = {
				ALWAYS_SEARCH_USER_PATHS = NO;
				CLANG_ANALYZER_NONNULL = YES;
				CLANG_ANALYZER_NUMBER_OBJECT_CONVERSION = YES_AGGRESSIVE;
				CLANG_CXX_LANGUAGE_STANDARD = "gnu++20";
				CLANG_ENABLE_MODULES = YES;
				CLANG_ENABLE_OBJC_ARC = YES;
				CLANG_ENABLE_OBJC_WEAK = YES;
				CLANG_WARN_BLOCK_CAPTURE_AUTORELEASING = YES;
				CLANG_WARN_BOOL_CONVERSION = YES;
				CLANG_WARN_COMMA = YES;
				CLANG_WARN_CONSTANT_CONVERSION = YES;
				CLANG_WARN_DEPRECATED_OBJC_IMPLEMENTATIONS = YES;
				CLANG_WARN_DIRECT_OBJC_ISA_USAGE = YES_ERROR;
				CLANG_WARN_DOCUMENTATION_COMMENTS = YES;
				CLANG_WARN_EMPTY_BODY = YES;
				CLANG_WARN_ENUM_CONVERSION = YES;
				CLANG_WARN_INFINITE_RECURSION = YES;
				CLANG_WARN_INT_CONVERSION = YES;
				CLANG_WARN_NON_LITERAL_NULL_CONVERSION = YES;
				CLANG_WARN_OBJC_IMPLICIT_RETAIN_SELF = YES;
				CLANG_WARN_OBJC_LITERAL_CONVERSION = YES;
				CLANG_WARN_OBJC_ROOT_CLASS = YES_ERROR;
				CLANG_WARN_QUOTED_INCLUDE_IN_FRAMEWORK_HEADER = YES;
				CLANG_WARN_RANGE_LOOP_ANALYSIS = YES;
				CLANG_WARN_STRICT_PROTOTYPES = YES;
				CLANG_WARN_SUSPICIOUS_MOVE = YES;
				CLANG_WARN_UNGUARDED_AVAILABILITY = YES_AGGRESSIVE;
				CLANG_WARN_UNREACHABLE_CODE = YES;
				CLANG_WARN__DUPLICATE_METHOD_MATCH = YES;
				COPY_PHASE_STRIP = NO;
				DEBUG_INFORMATION_FORMAT = dwarf;
				ENABLE_STRICT_OBJC_MSGSEND = YES;
				ENABLE_TESTABILITY = YES;
				GCC_C_LANGUAGE_STANDARD = gnu11;
				GCC_DYNAMIC_NO_PIC = NO;
				GCC_NO_COMMON_BLOCKS = YES;
				GCC_OPTIMIZATION_LEVEL = 0;
				GCC_PREPROCESSOR_DEFINITIONS = (
					"DEBUG=1",
					"$(inherited)",
				);
				GCC_WARN_64_TO_32_BIT_CONVERSION = YES;
				GCC_WARN_ABOUT_RETURN_TYPE = YES_ERROR;
				GCC_WARN_UNDECLARED_SELECTOR = YES;
				GCC_WARN_UNINITIALIZED_AUTOS = YES_AGGRESSIVE;
				GCC_WARN_UNUSED_FUNCTION = YES;
				GCC_WARN_UNUSED_VARIABLE = YES;
				IPHONEOS_DEPLOYMENT_TARGET = 16.4;
				MTL_ENABLE_DEBUG_INFO = INCLUDE_SOURCE;
				MTL_FAST_MATH = YES;
				ONLY_ACTIVE_ARCH = YES;
				SDKROOT = iphoneos;
				SWIFT_ACTIVE_COMPILATION_CONDITIONS = DEBUG;
				SWIFT_OPTIMIZATION_LEVEL = "-Onone";
			};
			name = Debug;
		};
		F9A4818C2AA4DDFC00246E57 /* Release */ = {
			isa = XCBuildConfiguration;
			buildSettings = {
				ALWAYS_SEARCH_USER_PATHS = NO;
				CLANG_ANALYZER_NONNULL = YES;
				CLANG_ANALYZER_NUMBER_OBJECT_CONVERSION = YES_AGGRESSIVE;
				CLANG_CXX_LANGUAGE_STANDARD = "gnu++20";
				CLANG_ENABLE_MODULES = YES;
				CLANG_ENABLE_OBJC_ARC = YES;
				CLANG_ENABLE_OBJC_WEAK = YES;
				CLANG_WARN_BLOCK_CAPTURE_AUTORELEASING = YES;
				CLANG_WARN_BOOL_CONVERSION = YES;
				CLANG_WARN_COMMA = YES;
				CLANG_WARN_CONSTANT_CONVERSION = YES;
				CLANG_WARN_DEPRECATED_OBJC_IMPLEMENTATIONS = YES;
				CLANG_WARN_DIRECT_OBJC_ISA_USAGE = YES_ERROR;
				CLANG_WARN_DOCUMENTATION_COMMENTS = YES;
				CLANG_WARN_EMPTY_BODY = YES;
				CLANG_WARN_ENUM_CONVERSION = YES;
				CLANG_WARN_INFINITE_RECURSION = YES;
				CLANG_WARN_INT_CONVERSION = YES;
				CLANG_WARN_NON_LITERAL_NULL_CONVERSION = YES;
				CLANG_WARN_OBJC_IMPLICIT_RETAIN_SELF = YES;
				CLANG_WARN_OBJC_LITERAL_CONVERSION = YES;
				CLANG_WARN_OBJC_ROOT_CLASS = YES_ERROR;
				CLANG_WARN_QUOTED_INCLUDE_IN_FRAMEWORK_HEADER = YES;
				CLANG_WARN_RANGE_LOOP_ANALYSIS = YES;
				CLANG_WARN_STRICT_PROTOTYPES = YES;
				CLANG_WARN_SUSPICIOUS_MOVE = YES;
				CLANG_WARN_UNGUARDED_AVAILABILITY = YES_AGGRESSIVE;
				CLANG_WARN_UNREACHABLE_CODE = YES;
				CLANG_WARN__DUPLICATE_METHOD_MATCH = YES;
				COPY_PHASE_STRIP = NO;
				DEBUG_INFORMATION_FORMAT = "dwarf-with-dsym";
				ENABLE_NS_ASSERTIONS = NO;
				ENABLE_STRICT_OBJC_MSGSEND = YES;
				GCC_C_LANGUAGE_STANDARD = gnu11;
				GCC_NO_COMMON_BLOCKS = YES;
				GCC_WARN_64_TO_32_BIT_CONVERSION = YES;
				GCC_WARN_ABOUT_RETURN_TYPE = YES_ERROR;
				GCC_WARN_UNDECLARED_SELECTOR = YES;
				GCC_WARN_UNINITIALIZED_AUTOS = YES_AGGRESSIVE;
				GCC_WARN_UNUSED_FUNCTION = YES;
				GCC_WARN_UNUSED_VARIABLE = YES;
				IPHONEOS_DEPLOYMENT_TARGET = 16.4;
				MTL_ENABLE_DEBUG_INFO = NO;
				MTL_FAST_MATH = YES;
				SDKROOT = iphoneos;
				SWIFT_COMPILATION_MODE = wholemodule;
				SWIFT_OPTIMIZATION_LEVEL = "-O";
				VALIDATE_PRODUCT = YES;
			};
			name = Release;
		};
		F9A4818E2AA4DDFC00246E57 /* Debug */ = {
			isa = XCBuildConfiguration;
			buildSettings = {
				ASSETCATALOG_COMPILER_APPICON_NAME = AppIcon;
				ASSETCATALOG_COMPILER_GLOBAL_ACCENT_COLOR_NAME = AccentColor;
				CODE_SIGN_STYLE = Automatic;
				CURRENT_PROJECT_VERSION = 1;
				GENERATE_INFOPLIST_FILE = YES;
				INFOPLIST_FILE = BMICalculatorPractice/Info.plist;
				INFOPLIST_KEY_UIApplicationSupportsIndirectInputEvents = YES;
				INFOPLIST_KEY_UILaunchStoryboardName = LaunchScreen;
				INFOPLIST_KEY_UIMainStoryboardFile = Main;
				INFOPLIST_KEY_UISupportedInterfaceOrientations = UIInterfaceOrientationPortrait;
				INFOPLIST_KEY_UISupportedInterfaceOrientations_iPad = "UIInterfaceOrientationLandscapeLeft UIInterfaceOrientationLandscapeRight UIInterfaceOrientationPortrait UIInterfaceOrientationPortraitUpsideDown";
				IPHONEOS_DEPLOYMENT_TARGET = 14.1;
				LD_RUNPATH_SEARCH_PATHS = (
					"$(inherited)",
					"@executable_path/Frameworks",
				);
				MARKETING_VERSION = 1.0;
				PRODUCT_BUNDLE_IDENTIFIER = www.na.BMICalculatorPractice;
				PRODUCT_NAME = "$(TARGET_NAME)";
				SUPPORTED_PLATFORMS = "iphoneos iphonesimulator";
				SUPPORTS_MACCATALYST = NO;
				SUPPORTS_MAC_DESIGNED_FOR_IPHONE_IPAD = NO;
				SWIFT_EMIT_LOC_STRINGS = YES;
				SWIFT_VERSION = 5.0;
				TARGETED_DEVICE_FAMILY = 1;
			};
			name = Debug;
		};
		F9A4818F2AA4DDFC00246E57 /* Release */ = {
			isa = XCBuildConfiguration;
			buildSettings = {
				ASSETCATALOG_COMPILER_APPICON_NAME = AppIcon;
				ASSETCATALOG_COMPILER_GLOBAL_ACCENT_COLOR_NAME = AccentColor;
				CODE_SIGN_STYLE = Automatic;
				CURRENT_PROJECT_VERSION = 1;
				GENERATE_INFOPLIST_FILE = YES;
				INFOPLIST_FILE = BMICalculatorPractice/Info.plist;
				INFOPLIST_KEY_UIApplicationSupportsIndirectInputEvents = YES;
				INFOPLIST_KEY_UILaunchStoryboardName = LaunchScreen;
				INFOPLIST_KEY_UIMainStoryboardFile = Main;
				INFOPLIST_KEY_UISupportedInterfaceOrientations = UIInterfaceOrientationPortrait;
				INFOPLIST_KEY_UISupportedInterfaceOrientations_iPad = "UIInterfaceOrientationLandscapeLeft UIInterfaceOrientationLandscapeRight UIInterfaceOrientationPortrait UIInterfaceOrientationPortraitUpsideDown";
				IPHONEOS_DEPLOYMENT_TARGET = 14.1;
				LD_RUNPATH_SEARCH_PATHS = (
					"$(inherited)",
					"@executable_path/Frameworks",
				);
				MARKETING_VERSION = 1.0;
				PRODUCT_BUNDLE_IDENTIFIER = www.na.BMICalculatorPractice;
				PRODUCT_NAME = "$(TARGET_NAME)";
				SUPPORTED_PLATFORMS = "iphoneos iphonesimulator";
				SUPPORTS_MACCATALYST = NO;
				SUPPORTS_MAC_DESIGNED_FOR_IPHONE_IPAD = NO;
				SWIFT_EMIT_LOC_STRINGS = YES;
				SWIFT_VERSION = 5.0;
				TARGETED_DEVICE_FAMILY = 1;
			};
			name = Release;
		};
/* End XCBuildConfiguration section */

/* Begin XCConfigurationList section */
		F9A481742AA4DDFB00246E57 /* Build configuration list for PBXProject "BMICalculatorPractice" */ = {
			isa = XCConfigurationList;
			buildConfigurations = (
				F9A4818B2AA4DDFC00246E57 /* Debug */,
				F9A4818C2AA4DDFC00246E57 /* Release */,
			);
			defaultConfigurationIsVisible = 0;
			defaultConfigurationName = Release;
		};
		F9A4818D2AA4DDFC00246E57 /* Build configuration list for PBXNativeTarget "BMICalculatorPractice" */ = {
			isa = XCConfigurationList;
			buildConfigurations = (
				F9A4818E2AA4DDFC00246E57 /* Debug */,
				F9A4818F2AA4DDFC00246E57 /* Release */,
			);
			defaultConfigurationIsVisible = 0;
			defaultConfigurationName = Release;
		};
/* End XCConfigurationList section */
	};
	rootObject = F9A481712AA4DDFB00246E57 /* Project object */;
}
